
Microsoft Visual Studio Solution File, Format Version 12.00
# Visual Studio Version 16
VisualStudioVersion = 16.0.29411.108
MinimumVisualStudioVersion = 10.0.40219.1
Project("{9A19103F-16F7-4668-BE54-9A1E7A4F7556}") = "RaspTpuIcalConverter", "RaspTpuIcalConverter\RaspTpuIcalConverter.csproj", "{0E77A1F3-A4A1-436E-984A-6372985BB04C}"
EndProject
Project("{9A19103F-16F7-4668-BE54-9A1E7A4F7556}") = "RaspTpuIcalConverterTests", "RaspTpuIcalConverterTests\RaspTpuIcalConverterTests.csproj", "{042ED9E2-5EC5-428F-8386-F387042BC2F4}"
EndProject
Global
	GlobalSection(SolutionConfigurationPlatforms) = preSolution
		Debug|Any CPU = Debug|Any CPU
		Release|Any CPU = Release|Any CPU
	EndGlobalSection
	GlobalSection(ProjectConfigurationPlatforms) = postSolution
		{0E77A1F3-A4A1-436E-984A-6372985BB04C}.Debug|Any CPU.ActiveCfg = Debug|Any CPU
		{0E77A1F3-A4A1-436E-984A-6372985BB04C}.Debug|Any CPU.Build.0 = Debug|Any CPU
		{0E77A1F3-A4A1-436E-984A-6372985BB04C}.Release|Any CPU.ActiveCfg = Release|Any CPU
		{0E77A1F3-A4A1-436E-984A-6372985BB04C}.Release|Any CPU.Build.0 = Release|Any CPU
		{042ED9E2-5EC5-428F-8386-F387042BC2F4}.Debug|Any CPU.ActiveCfg = Debug|Any CPU
		{042ED9E2-5EC5-428F-8386-F387042BC2F4}.Debug|Any CPU.Build.0 = Debug|Any CPU
		{042ED9E2-5EC5-428F-8386-F387042BC2F4}.Release|Any CPU.ActiveCfg = Release|Any CPU
		{042ED9E2-5EC5-428F-8386-F387042BC2F4}.Release|Any CPU.Build.0 = Release|Any CPU
	EndGlobalSection
	GlobalSection(SolutionProperties) = preSolution
		HideSolutionNode = FALSE
	EndGlobalSection
	GlobalSection(ExtensibilityGlobals) = postSolution
		SolutionGuid = {32FE79EB-4101-4CB7-B6D0-EA1ADC785B62}
	EndGlobalSection
EndGlobal
